
Microsoft Visual Studio Solution File, Format Version 12.00
# Visual Studio Version 17
VisualStudioVersion = 17.0.32014.148
MinimumVisualStudioVersion = 10.0.40219.1
Project("{FAE04EC0-301F-11D3-BF4B-00C04F79EFBC}") = "FakePatch", "FakePatch\FakePatch.csproj", "{EC1D5EC4-A04C-4A9D-92BB-D5F02F7381FF}"
EndProject
Project("{FAE04EC0-301F-11D3-BF4B-00C04F79EFBC}") = "KeyGenerator", "KeyGenerator\KeyGenerator.csproj", "{02A0E6DB-8880-4489-8CC5-4D71142FF2A0}"
EndProject
Global
	GlobalSection(SolutionConfigurationPlatforms) = preSolution
		Debug|Any CPU = Debug|Any CPU
		Release|Any CPU = Release|Any CPU
	EndGlobalSection
	GlobalSection(ProjectConfigurationPlatforms) = postSolution
		{EC1D5EC4-A04C-4A9D-92BB-D5F02F7381FF}.Debug|Any CPU.ActiveCfg = Debug|Any CPU
		{EC1D5EC4-A04C-4A9D-92BB-D5F02F7381FF}.Debug|Any CPU.Build.0 = Debug|Any CPU
		{EC1D5EC4-A04C-4A9D-92BB-D5F02F7381FF}.Release|Any CPU.ActiveCfg = Release|Any CPU
		{EC1D5EC4-A04C-4A9D-92BB-D5F02F7381FF}.Release|Any CPU.Build.0 = Release|Any CPU
		{02A0E6DB-8880-4489-8CC5-4D71142FF2A0}.Debug|Any CPU.ActiveCfg = Debug|Any CPU
		{02A0E6DB-8880-4489-8CC5-4D71142FF2A0}.Debug|Any CPU.Build.0 = Debug|Any CPU
		{02A0E6DB-8880-4489-8CC5-4D71142FF2A0}.Release|Any CPU.ActiveCfg = Release|Any CPU
		{02A0E6DB-8880-4489-8CC5-4D71142FF2A0}.Release|Any CPU.Build.0 = Release|Any CPU
	EndGlobalSection
	GlobalSection(SolutionProperties) = preSolution
		HideSolutionNode = FALSE
	EndGlobalSection
	GlobalSection(ExtensibilityGlobals) = postSolution
		SolutionGuid = {83B69759-34AD-44DD-BFD9-243010C3FE6A}
	EndGlobalSection
EndGlobal
